
Microsoft Visual Studio Solution File, Format Version 12.00
# Visual Studio Version 16
VisualStudioVersion = 16.0.29613.14
MinimumVisualStudioVersion = 10.0.40219.1
Project("{FAE04EC0-301F-11D3-BF4B-00C04F79EFBC}") = "NETFramework.App", "NETFramework.App\NETFramework.App.csproj", "{F3B7AC0D-F22E-4717-8F36-1675E854A12F}"
EndProject
Project("{FAE04EC0-301F-11D3-BF4B-00C04F79EFBC}") = "NETCore.App", "NETCore.App\NETCore.App.csproj", "{0A2EB193-3CCE-42B0-908C-D9A56B39FCF9}"
EndProject
Project("{FAE04EC0-301F-11D3-BF4B-00C04F79EFBC}") = "NETCore.App.Contracts", "NETCore.App.Contracts\NETCore.App.Contracts.csproj", "{A8AE8BF1-EA3A-49F8-A945-F7DEF1B8B380}"
EndProject
Global
	GlobalSection(SolutionConfigurationPlatforms) = preSolution
		Debug|Any CPU = Debug|Any CPU
		Release|Any CPU = Release|Any CPU
	EndGlobalSection
	GlobalSection(ProjectConfigurationPlatforms) = postSolution
		{F3B7AC0D-F22E-4717-8F36-1675E854A12F}.Debug|Any CPU.ActiveCfg = Debug|Any CPU
		{F3B7AC0D-F22E-4717-8F36-1675E854A12F}.Debug|Any CPU.Build.0 = Debug|Any CPU
		{F3B7AC0D-F22E-4717-8F36-1675E854A12F}.Release|Any CPU.ActiveCfg = Release|Any CPU
		{F3B7AC0D-F22E-4717-8F36-1675E854A12F}.Release|Any CPU.Build.0 = Release|Any CPU
		{0A2EB193-3CCE-42B0-908C-D9A56B39FCF9}.Debug|Any CPU.ActiveCfg = Debug|Any CPU
		{0A2EB193-3CCE-42B0-908C-D9A56B39FCF9}.Debug|Any CPU.Build.0 = Debug|Any CPU
		{0A2EB193-3CCE-42B0-908C-D9A56B39FCF9}.Release|Any CPU.ActiveCfg = Release|Any CPU
		{0A2EB193-3CCE-42B0-908C-D9A56B39FCF9}.Release|Any CPU.Build.0 = Release|Any CPU
		{A8AE8BF1-EA3A-49F8-A945-F7DEF1B8B380}.Debug|Any CPU.ActiveCfg = Debug|Any CPU
		{A8AE8BF1-EA3A-49F8-A945-F7DEF1B8B380}.Debug|Any CPU.Build.0 = Debug|Any CPU
		{A8AE8BF1-EA3A-49F8-A945-F7DEF1B8B380}.Release|Any CPU.ActiveCfg = Release|Any CPU
		{A8AE8BF1-EA3A-49F8-A945-F7DEF1B8B380}.Release|Any CPU.Build.0 = Release|Any CPU
	EndGlobalSection
	GlobalSection(SolutionProperties) = preSolution
		HideSolutionNode = FALSE
	EndGlobalSection
	GlobalSection(ExtensibilityGlobals) = postSolution
		SolutionGuid = {E0ADCB81-4C3C-4818-B7A5-9302763D341F}
	EndGlobalSection
EndGlobal
